
Microsoft Visual Studio Solution File, Format Version 12.00
# Visual Studio Version 17
VisualStudioVersion = 17.10.34928.147
MinimumVisualStudioVersion = 10.0.40219.1
Project("{9A19103F-16F7-4668-BE54-9A1E7A4F7556}") = "ThirdPartyAPILibrary", "ThirdPartyAPITester\ThirdPartyAPILibrary.csproj", "{BDF85654-4ED9-4B44-8CD0-44F45708205D}"
EndProject
Global
	GlobalSection(SolutionConfigurationPlatforms) = preSolution
		Debug|Any CPU = Debug|Any CPU
		Release|Any CPU = Release|Any CPU
	EndGlobalSection
	GlobalSection(ProjectConfigurationPlatforms) = postSolution
		{BDF85654-4ED9-4B44-8CD0-44F45708205D}.Debug|Any CPU.ActiveCfg = Debug|Any CPU
		{BDF85654-4ED9-4B44-8CD0-44F45708205D}.Debug|Any CPU.Build.0 = Debug|Any CPU
		{BDF85654-4ED9-4B44-8CD0-44F45708205D}.Release|Any CPU.ActiveCfg = Release|Any CPU
		{BDF85654-4ED9-4B44-8CD0-44F45708205D}.Release|Any CPU.Build.0 = Release|Any CPU
	EndGlobalSection
	GlobalSection(SolutionProperties) = preSolution
		HideSolutionNode = FALSE
	EndGlobalSection
	GlobalSection(ExtensibilityGlobals) = postSolution
		SolutionGuid = {57D8D863-9C01-4F0B-BA37-BA155F26C6D7}
	EndGlobalSection
EndGlobal
